Microsoft Visual Studio Solution File, Format Version 12.00
# Visual Studio Version 17
VisualStudioVersion = 17.5.2.0
MinimumVisualStudioVersion = 10.0.40219.1
Project("{FAE04EC0-301F-11D3-BF4B-00C04F79EFBC}") = "snooke", "snooke.csproj", "{A41E8686-324D-11C9-EB05-D1DF0D4B1037}"
EndProject
Global
	GlobalSection(SolutionConfigurationPlatforms) = preSolution
		Debug|Any CPU = Debug|Any CPU
		Release|Any CPU = Release|Any CPU
	EndGlobalSection
	GlobalSection(ProjectConfigurationPlatforms) = postSolution
		{A41E8686-324D-11C9-EB05-D1DF0D4B1037}.Debug|Any CPU.ActiveCfg = Debug|Any CPU
		{A41E8686-324D-11C9-EB05-D1DF0D4B1037}.Debug|Any CPU.Build.0 = Debug|Any CPU
		{A41E8686-324D-11C9-EB05-D1DF0D4B1037}.Release|Any CPU.ActiveCfg = Release|Any CPU
		{A41E8686-324D-11C9-EB05-D1DF0D4B1037}.Release|Any CPU.Build.0 = Release|Any CPU
	EndGlobalSection
	GlobalSection(SolutionProperties) = preSolution
		HideSolutionNode = FALSE
	EndGlobalSection
	GlobalSection(ExtensibilityGlobals) = postSolution
		SolutionGuid = {CF7B369B-04B5-4F46-AA02-8A11A32479EA}
	EndGlobalSection
EndGlobal
